// !$*UTF8*$!
{
	archiveVersion = 1;
	classes = {
	};
	objectVersion = 46;
	objects = {

/* Begin PBXBuildFile section */
		D519F7961C09B68500860DFC /* home_selected.png in Resources */ = {isa = PBXBuildFile; fileRef = D519F7941C09B68500860DFC /* home_selected.png */; };
		D519F7971C09B68500860DFC /* home.png in Resources */ = {isa = PBXBuildFile; fileRef = D519F7951C09B68500860DFC /* home.png */; };
		D519F79A1C09B72700860DFC /* search_selected.png in Resources */ = {isa = PBXBuildFile; fileRef = D519F7981C09B72700860DFC /* search_selected.png */; };
		D519F79B1C09B72700860DFC /* search.png in Resources */ = {isa = PBXBuildFile; fileRef = D519F7991C09B72700860DFC /* search.png */; };
		D519F79E1C09B8F800860DFC /* more_selected.png in Resources */ = {isa = PBXBuildFile; fileRef = D519F79C1C09B8F800860DFC /* more_selected.png */; };
		D519F79F1C09B8F800860DFC /* more.png in Resources */ = {isa = PBXBuildFile; fileRef = D519F79D1C09B8F800860DFC /* more.png */; };
		D519F7A51C09C14B00860DFC /* ConnectionManager.m in Sources */ = {isa = PBXBuildFile; fileRef = D519F7A41C09C14B00860DFC /* ConnectionManager.m */; };
		D5473C311C1076ED009E3013 /* logo_64px.png in Resources */ = {isa = PBXBuildFile; fileRef = D5473C301C1076ED009E3013 /* logo_64px.png */; };
		D5473C341C10798F009E3013 /* iTextField.m in Sources */ = {isa = PBXBuildFile; fileRef = D5473C331C10798F009E3013 /* iTextField.m */; };
		D5473C381C107B47009E3013 /* LoginVC.m in Sources */ = {isa = PBXBuildFile; fileRef = D5473C371C107B47009E3013 /* LoginVC.m */; };
		D5473C3B1C108793009E3013 /* User.m in Sources */ = {isa = PBXBuildFile; fileRef = D5473C3A1C108793009E3013 /* User.m */; };
		D5473C3D1C109B20009E3013 /* add_user_64px.png in Resources */ = {isa = PBXBuildFile; fileRef = D5473C3C1C109B20009E3013 /* add_user_64px.png */; };
		D5473C3F1C109B93009E3013 /* add_user_128px.png in Resources */ = {isa = PBXBuildFile; fileRef = D5473C3E1C109B93009E3013 /* add_user_128px.png */; };
		D5473C431C109C42009E3013 /* SignUpVC.m in Sources */ = {isa = PBXBuildFile; fileRef = D5473C421C109C42009E3013 /* SignUpVC.m */; };
		D55ABC191C12D11400B2D366 /* Reachability.m in Sources */ = {isa = PBXBuildFile; fileRef = D55ABC181C12D11400B2D366 /* Reachability.m */; };
		D55ABC1B1C12D24600B2D366 /* SystemConfiguration.framework in Frameworks */ = {isa = PBXBuildFile; fileRef = D55ABC1A1C12D24600B2D366 /* SystemConfiguration.framework */; };
		D56A16621C13F6D20034E2DC /* QuartzCore.framework in Frameworks */ = {isa = PBXBuildFile; fileRef = D56A16611C13F6D20034E2DC /* QuartzCore.framework */; };
		D5A3C1181C0E8CC900E490D8 /* LSTToast.m in Sources */ = {isa = PBXBuildFile; fileRef = D5A3C1171C0E8CC900E490D8 /* LSTToast.m */; };
		D5BD7D211C09ED540049767D /* HomeVC.m in Sources */ = {isa = PBXBuildFile; fileRef = D5BD7D201C09ED540049767D /* HomeVC.m */; };
		D5BD7D241C09F30F0049767D /* ArticleCell.m in Sources */ = {isa = PBXBuildFile; fileRef = D5BD7D231C09F30F0049767D /* ArticleCell.m */; };
		D5BD7D261C09F5C60049767D /* default.jpg in Resources */ = {isa = PBXBuildFile; fileRef = D5BD7D251C09F5C60049767D /* default.jpg */; };
		D5C53B521C0B37BF001C14BA /* MoreVC.m in Sources */ = {isa = PBXBuildFile; fileRef = D5C53B511C0B37BF001C14BA /* MoreVC.m */; };
		D5C53B551C0B3F58001C14BA /* DetailArticleVC.m in Sources */ = {isa = PBXBuildFile; fileRef = D5C53B541C0B3F58001C14BA /* DetailArticleVC.m */; };
		D5C641251C13E92E00CA79D5 /* UIView+Toast.m in Sources */ = {isa = PBXBuildFile; fileRef = D5C641241C13E92E00CA79D5 /* UIView+Toast.m */; };
		D5CB7BA31C088899009885DD /* main.m in Sources */ = {isa = PBXBuildFile; fileRef = D5CB7BA21C088899009885DD /* main.m */; };
		D5CB7BA61C088899009885DD /* AppDelegate.m in Sources */ = {isa = PBXBuildFile; fileRef = D5CB7BA51C088899009885DD /* AppDelegate.m */; };
		D5CB7BAC1C088899009885DD /* Main.storyboard in Resources */ = {isa = PBXBuildFile; fileRef = D5CB7BAA1C088899009885DD /* Main.storyboard */; };
		D5CB7BAE1C088899009885DD /* Assets.xcassets in Resources */ = {isa = PBXBuildFile; fileRef = D5CB7BAD1C088899009885DD /* Assets.xcassets */; };
		D5CB7BB11C088899009885DD /* LaunchScreen.storyboard in Resources */ = {isa = PBXBuildFile; fileRef = D5CB7BAF1C088899009885DD /* LaunchScreen.storyboard */; };
		D5CB7BBC1C088899009885DD /* Article_ManagementTests.m in Sources */ = {isa = PBXBuildFile; fileRef = D5CB7BBB1C088899009885DD /* Article_ManagementTests.m */; };
		D5CB7BC71C088899009885DD /* Article_ManagementUITests.m in Sources */ = {isa = PBXBuildFile; fileRef = D5CB7BC61C088899009885DD /* Article_ManagementUITests.m */; };
		D5D372C91C0AB7DB00ECC5EE /* back.png in Resources */ = {isa = PBXBuildFile; fileRef = D5D372C81C0AB7DB00ECC5EE /* back.png */; };
		D5D372D21C0ABA3600ECC5EE /* SearchArticleVC.m in Sources */ = {isa = PBXBuildFile; fileRef = D5D372D11C0ABA3600ECC5EE /* SearchArticleVC.m */; };
		D5E55E951C0D32370020A86A /* AddArticle.m in Sources */ = {isa = PBXBuildFile; fileRef = D5E55E941C0D32370020A86A /* AddArticle.m */; };
		D5E55E991C0D35650020A86A /* LSTString.m in Sources */ = {isa = PBXBuildFile; fileRef = D5E55E981C0D35650020A86A /* LSTString.m */; };
		D5F277051C0BDFA200CCF417 /* Article.m in Sources */ = {isa = PBXBuildFile; fileRef = D5F277041C0BDFA200CCF417 /* Article.m */; };
/* End PBXBuildFile section */

/* Begin PBXContainerItemProxy section */
		D5CB7BB81C088899009885DD /* PBXContainerItemProxy */ = {
			isa = PBXContainerItemProxy;
			containerPortal = D5CB7B961C088899009885DD /* Project object */;
			proxyType = 1;
			remoteGlobalIDString = D5CB7B9D1C088899009885DD;
			remoteInfo = "Article Management";
		};
		D5CB7BC31C088899009885DD /* PBXContainerItemProxy */ = {
			isa = PBXContainerItemProxy;
			containerPortal = D5CB7B961C088899009885DD /* Project object */;
			proxyType = 1;
			remoteGlobalIDString = D5CB7B9D1C088899009885DD;
			remoteInfo = "Article Management";
		};
/* End PBXContainerItemProxy section */

/* Begin PBXFileReference section */
		D519F7941C09B68500860DFC /* home_selected.png */ = {isa = PBXFileReference; lastKnownFileType = image.png; path = home_selected.png; sourceTree = "<group>"; };
		D519F7951C09B68500860DFC /* home.png */ = {isa = PBXFileReference; lastKnownFileType = image.png; path = home.png; sourceTree = "<group>"; };
		D519F7981C09B72700860DFC /* search_selected.png */ = {isa = PBXFileReference; lastKnownFileType = image.png; path = search_selected.png; sourceTree = "<group>"; };
		D519F7991C09B72700860DFC /* search.png */ = {isa = PBXFileReference; lastKnownFileType = image.png; path = search.png; sourceTree = "<group>"; };
		D519F79C1C09B8F800860DFC /* more_selected.png */ = {isa = PBXFileReference; lastKnownFileType = image.png; path = more_selected.png; sourceTree = "<group>"; };
		D519F79D1C09B8F800860DFC /* more.png */ = {isa = PBXFileReference; lastKnownFileType = image.png; path = more.png; sourceTree = "<group>"; };
		D519F7A31C09C14B00860DFC /* ConnectionManager.h */ = {isa = PBXFileReference; fileEncoding = 4; lastKnownFileType = sourcecode.c.h; name = ConnectionManager.h; path = App/ConnectionManager.h; sourceTree = "<group>"; };
		D519F7A41C09C14B00860DFC /* ConnectionManager.m */ = {isa = PBXFileReference; fileEncoding = 4; lastKnownFileType = sourcecode.c.objc; name = ConnectionManager.m; path = App/ConnectionManager.m; sourceTree = "<group>"; };
		D5473C301C1076ED009E3013 /* logo_64px.png */ = {isa = PBXFileReference; lastKnownFileType = image.png; path = logo_64px.png; sourceTree = "<group>"; };
		D5473C321C10798F009E3013 /* iTextField.h */ = {isa = PBXFileReference; fileEncoding = 4; lastKnownFileType = sourcecode.c.h; name = iTextField.h; path = Utils/iTextField.h; sourceTree = "<group>"; };
		D5473C331C10798F009E3013 /* iTextField.m */ = {isa = PBXFileReference; fileEncoding = 4; lastKnownFileType = sourcecode.c.objc; name = iTextField.m; path = Utils/iTextField.m; sourceTree = "<group>"; };
		D5473C361C107B47009E3013 /* LoginVC.h */ = {isa = PBXFileReference; fileEncoding = 4; lastKnownFileType = sourcecode.c.h; name = LoginVC.h; path = App/Login/LoginVC.h; sourceTree = "<group>"; };
		D5473C371C107B47009E3013 /* LoginVC.m */ = {isa = PBXFileReference; fileEncoding = 4; lastKnownFileType = sourcecode.c.objc; name = LoginVC.m; path = App/Login/LoginVC.m; sourceTree = "<group>"; };
		D5473C391C108793009E3013 /* User.h */ = {isa = PBXFileReference; fileEncoding = 4; lastKnownFileType = sourcecode.c.h; name = User.h; path = Model/User.h; sourceTree = "<group>"; };
		D5473C3A1C108793009E3013 /* User.m */ = {isa = PBXFileReference; fileEncoding = 4; lastKnownFileType = sourcecode.c.objc; name = User.m; path = Model/User.m; sourceTree = "<group>"; };
		D5473C3C1C109B20009E3013 /* add_user_64px.png */ = {isa = PBXFileReference; lastKnownFileType = image.png; path = add_user_64px.png; sourceTree = "<group>"; };
		D5473C3E1C109B93009E3013 /* add_user_128px.png */ = {isa = PBXFileReference; lastKnownFileType = image.png; path = add_user_128px.png; sourceTree = "<group>"; };
		D5473C411C109C42009E3013 /* SignUpVC.h */ = {isa = PBXFileReference; fileEncoding = 4; lastKnownFileType = sourcecode.c.h; name = SignUpVC.h; path = "App/Sign Up/SignUpVC.h"; sourceTree = "<group>"; };
		D5473C421C109C42009E3013 /* SignUpVC.m */ = {isa = PBXFileReference; fileEncoding = 4; lastKnownFileType = sourcecode.c.objc; name = SignUpVC.m; path = "App/Sign Up/SignUpVC.m"; sourceTree = "<group>"; };
		D55ABC171C12D11400B2D366 /* Reachability.h */ = {isa = PBXFileReference; fileEncoding = 4; lastKnownFileType = sourcecode.c.h; path = Reachability.h; sourceTree = "<group>"; };
		D55ABC181C12D11400B2D366 /* Reachability.m */ = {isa = PBXFileReference; fileEncoding = 4; lastKnownFileType = sourcecode.c.objc; path = Reachability.m; sourceTree = "<group>"; };
		D55ABC1A1C12D24600B2D366 /* SystemConfiguration.framework */ = {isa = PBXFileReference; lastKnownFileType = wrapper.framework; name = SystemConfiguration.framework; path = System/Library/Frameworks/SystemConfiguration.framework; sourceTree = SDKROOT; };
		D56A16611C13F6D20034E2DC /* QuartzCore.framework */ = {isa = PBXFileReference; lastKnownFileType = wrapper.framework; name = QuartzCore.framework; path = System/Library/Frameworks/QuartzCore.framework; sourceTree = SDKROOT; };
		D5A3C1161C0E8CC900E490D8 /* LSTToast.h */ = {isa = PBXFileReference; fileEncoding = 4; lastKnownFileType = sourcecode.c.h; name = LSTToast.h; path = Utils/LSTToast.h; sourceTree = "<group>"; };
		D5A3C1171C0E8CC900E490D8 /* LSTToast.m */ = {isa = PBXFileReference; fileEncoding = 4; lastKnownFileType = sourcecode.c.objc; name = LSTToast.m; path = Utils/LSTToast.m; sourceTree = "<group>"; };
		D5BD7D1F1C09ED540049767D /* HomeVC.h */ = {isa = PBXFileReference; fileEncoding = 4; lastKnownFileType = sourcecode.c.h; name = HomeVC.h; path = App/HomeVC.h; sourceTree = "<group>"; };
		D5BD7D201C09ED540049767D /* HomeVC.m */ = {isa = PBXFileReference; fileEncoding = 4; lastKnownFileType = sourcecode.c.objc; name = HomeVC.m; path = App/HomeVC.m; sourceTree = "<group>"; };
		D5BD7D221C09F30F0049767D /* ArticleCell.h */ = {isa = PBXFileReference; fileEncoding = 4; lastKnownFileType = sourcecode.c.h; name = ArticleCell.h; path = App/ArticleCell.h; sourceTree = "<group>"; };
		D5BD7D231C09F30F0049767D /* ArticleCell.m */ = {isa = PBXFileReference; fileEncoding = 4; lastKnownFileType = sourcecode.c.objc; name = ArticleCell.m; path = App/ArticleCell.m; sourceTree = "<group>"; };
		D5BD7D251C09F5C60049767D /* default.jpg */ = {isa = PBXFileReference; lastKnownFileType = image.jpeg; path = default.jpg; sourceTree = "<group>"; };
		D5C53B501C0B37BF001C14BA /* MoreVC.h */ = {isa = PBXFileReference; fileEncoding = 4; lastKnownFileType = sourcecode.c.h; name = MoreVC.h; path = App/MoreVC.h; sourceTree = "<group>"; };
		D5C53B511C0B37BF001C14BA /* MoreVC.m */ = {isa = PBXFileReference; fileEncoding = 4; lastKnownFileType = sourcecode.c.objc; name = MoreVC.m; path = App/MoreVC.m; sourceTree = "<group>"; };
		D5C53B531C0B3F58001C14BA /* DetailArticleVC.h */ = {isa = PBXFileReference; fileEncoding = 4; lastKnownFileType = sourcecode.c.h; name = DetailArticleVC.h; path = App/DetailArticleVC.h; sourceTree = "<group>"; };
		D5C53B541C0B3F58001C14BA /* DetailArticleVC.m */ = {isa = PBXFileReference; fileEncoding = 4; lastKnownFileType = sourcecode.c.objc; name = DetailArticleVC.m; path = App/DetailArticleVC.m; sourceTree = "<group>"; };
		D5C641231C13E92E00CA79D5 /* UIView+Toast.h */ = {isa = PBXFileReference; fileEncoding = 4; lastKnownFileType = sourcecode.c.h; path = "UIView+Toast.h"; sourceTree = "<group>"; };
		D5C641241C13E92E00CA79D5 /* UIView+Toast.m */ = {isa = PBXFileReference; fileEncoding = 4; lastKnownFileType = sourcecode.c.objc; path = "UIView+Toast.m"; sourceTree = "<group>"; };
		D5CB7B9E1C088899009885DD /* Article Management.app */ = {isa = PBXFileReference; explicitFileType = wrapper.application; includeInIndex = 0; path = "Article Management.app"; sourceTree = BUILT_PRODUCTS_DIR; };
		D5CB7BA21C088899009885DD /* main.m */ = {isa = PBXFileReference; lastKnownFileType = sourcecode.c.objc; path = main.m; sourceTree = "<group>"; };
		D5CB7BA41C088899009885DD /* AppDelegate.h */ = {isa = PBXFileReference; lastKnownFileType = sourcecode.c.h; path = AppDelegate.h; sourceTree = "<group>"; };
		D5CB7BA51C088899009885DD /* AppDelegate.m */ = {isa = PBXFileReference; lastKnownFileType = sourcecode.c.objc; path = AppDelegate.m; sourceTree = "<group>"; };
		D5CB7BAB1C088899009885DD /* Base */ = {isa = PBXFileReference; lastKnownFileType = file.storyboard; name = Base; path = Base.lproj/Main.storyboard; sourceTree = "<group>"; };
		D5CB7BAD1C088899009885DD /* Assets.xcassets */ = {isa = PBXFileReference; lastKnownFileType = folder.assetcatalog; path = Assets.xcassets; sourceTree = "<group>"; };
		D5CB7BB01C088899009885DD /* Base */ = {isa = PBXFileReference; lastKnownFileType = file.storyboard; name = Base; path = Base.lproj/LaunchScreen.storyboard; sourceTree = "<group>"; };
		D5CB7BB21C088899009885DD /* Info.plist */ = {isa = PBXFileReference; lastKnownFileType = text.plist.xml; path = Info.plist; sourceTree = "<group>"; };
		D5CB7BB71C088899009885DD /* Article ManagementTests.xctest */ = {isa = PBXFileReference; explicitFileType = wrapper.cfbundle; includeInIndex = 0; path = "Article ManagementTests.xctest"; sourceTree = BUILT_PRODUCTS_DIR; };
		D5CB7BBB1C088899009885DD /* Article_ManagementTests.m */ = {isa = PBXFileReference; lastKnownFileType = sourcecode.c.objc; path = Article_ManagementTests.m; sourceTree = "<group>"; };
		D5CB7BBD1C088899009885DD /* Info.plist */ = {isa = PBXFileReference; lastKnownFileType = text.plist.xml; path = Info.plist; sourceTree = "<group>"; };
		D5CB7BC21C088899009885DD /* Article ManagementUITests.xctest */ = {isa = PBXFileReference; explicitFileType = wrapper.cfbundle; includeInIndex = 0; path = "Article ManagementUITests.xctest"; sourceTree = BUILT_PRODUCTS_DIR; };
		D5CB7BC61C088899009885DD /* Article_ManagementUITests.m */ = {isa = PBXFileReference; lastKnownFileType = sourcecode.c.objc; path = Article_ManagementUITests.m; sourceTree = "<group>"; };
		D5CB7BC81C088899009885DD /* Info.plist */ = {isa = PBXFileReference; lastKnownFileType = text.plist.xml; path = Info.plist; sourceTree = "<group>"; };
		D5D372C81C0AB7DB00ECC5EE /* back.png */ = {isa = PBXFileReference; lastKnownFileType = image.png; path = back.png; sourceTree = "<group>"; };
		D5D372D01C0ABA3600ECC5EE /* SearchArticleVC.h */ = {isa = PBXFileReference; fileEncoding = 4; lastKnownFileType = sourcecode.c.h; name = SearchArticleVC.h; path = App/SearchArticleVC.h; sourceTree = "<group>"; };
		D5D372D11C0ABA3600ECC5EE /* SearchArticleVC.m */ = {isa = PBXFileReference; fileEncoding = 4; lastKnownFileType = sourcecode.c.objc; name = SearchArticleVC.m; path = App/SearchArticleVC.m; sourceTree = "<group>"; };
		D5E55E931C0D32370020A86A /* AddArticle.h */ = {isa = PBXFileReference; fileEncoding = 4; lastKnownFileType = sourcecode.c.h; name = AddArticle.h; path = App/AddArticle.h; sourceTree = "<group>"; };
		D5E55E941C0D32370020A86A /* AddArticle.m */ = {isa = PBXFileReference; fileEncoding = 4; lastKnownFileType = sourcecode.c.objc; name = AddArticle.m; path = App/AddArticle.m; sourceTree = "<group>"; };
		D5E55E971C0D35650020A86A /* LSTString.h */ = {isa = PBXFileReference; fileEncoding = 4; lastKnownFileType = sourcecode.c.h; name = LSTString.h; path = Utils/LSTString.h; sourceTree = "<group>"; };
		D5E55E981C0D35650020A86A /* LSTString.m */ = {isa = PBXFileReference; fileEncoding = 4; lastKnownFileType = sourcecode.c.objc; name = LSTString.m; path = Utils/LSTString.m; sourceTree = "<group>"; };
		D5F277031C0BDFA200CCF417 /* Article.h */ = {isa = PBXFileReference; fileEncoding = 4; lastKnownFileType = sourcecode.c.h; name = Article.h; path = Model/Article.h; sourceTree = "<group>"; };
		D5F277041C0BDFA200CCF417 /* Article.m */ = {isa = PBXFileReference; fileEncoding = 4; lastKnownFileType = sourcecode.c.objc; name = Article.m; path = Model/Article.m; sourceTree = "<group>"; };
/* End PBXFileReference section */

/* Begin PBXFrameworksBuildPhase section */
		D5CB7B9B1C088899009885DD /* Frameworks */ = {
			isa = PBXFrameworksBuildPhase;
			buildActionMask = 2147483647;
			files = (
				D56A16621C13F6D20034E2DC /* QuartzCore.framework in Frameworks */,
				D55ABC1B1C12D24600B2D366 /* SystemConfiguration.framework in Frameworks */,
			);
			runOnlyForDeploymentPostprocessing = 0;
		};
		D5CB7BB41C088899009885DD /* Frameworks */ = {
			isa = PBXFrameworksBuildPhase;
			buildActionMask = 2147483647;
			files = (
			);
			runOnlyForDeploymentPostprocessing = 0;
		};
		D5CB7BBF1C088899009885DD /* Frameworks */ = {
			isa = PBXFrameworksBuildPhase;
			buildActionMask = 2147483647;
			files = (
			);
			runOnlyForDeploymentPostprocessing = 0;
		};
/* End PBXFrameworksBuildPhase section */

/* Begin PBXGroup section */
		D519F78C1C09B45000860DFC /* Image */ = {
			isa = PBXGroup;
			children = (
				D5473C3E1C109B93009E3013 /* add_user_128px.png */,
				D5473C3C1C109B20009E3013 /* add_user_64px.png */,
				D5473C301C1076ED009E3013 /* logo_64px.png */,
				D5D372C81C0AB7DB00ECC5EE /* back.png */,
				D5BD7D251C09F5C60049767D /* default.jpg */,
				D519F78D1C09B45A00860DFC /* Tab Icon */,
			);
			name = Image;
			sourceTree = "<group>";
		};
		D519F78D1C09B45A00860DFC /* Tab Icon */ = {
			isa = PBXGroup;
			children = (
				D519F79C1C09B8F800860DFC /* more_selected.png */,
				D519F79D1C09B8F800860DFC /* more.png */,
				D519F7981C09B72700860DFC /* search_selected.png */,
				D519F7991C09B72700860DFC /* search.png */,
				D519F7941C09B68500860DFC /* home_selected.png */,
				D519F7951C09B68500860DFC /* home.png */,
			);
			name = "Tab Icon";
			sourceTree = "<group>";
		};
		D519F7A01C09B94100860DFC /* Storyboard */ = {
			isa = PBXGroup;
			children = (
				D5CB7BAA1C088899009885DD /* Main.storyboard */,
				D5CB7BAF1C088899009885DD /* LaunchScreen.storyboard */,
			);
			name = Storyboard;
			sourceTree = "<group>";
		};
		D519F7A11C09B95700860DFC /* Default */ = {
			isa = PBXGroup;
			children = (
				D5CB7BA41C088899009885DD /* AppDelegate.h */,
				D5CB7BA51C088899009885DD /* AppDelegate.m */,
				D5CB7BAD1C088899009885DD /* Assets.xcassets */,
				D5CB7BB21C088899009885DD /* Info.plist */,
			);
			name = Default;
			sourceTree = "<group>";
		};
		D519F7A21C09B97800860DFC /* App */ = {
			isa = PBXGroup;
			children = (
				D5C91ED01C1179CF006BD6F8 /* Search */,
				D5C91ECF1C1179C4006BD6F8 /* Home */,
				D5C91ECE1C1179B3006BD6F8 /* Detail Article */,
				D5C91ECD1C1179A7006BD6F8 /* Add Article */,
				D5473C401C109C0D009E3013 /* Sign Up */,
				D5473C351C107B2C009E3013 /* Login */,
				D5C53B501C0B37BF001C14BA /* MoreVC.h */,
				D5C53B511C0B37BF001C14BA /* MoreVC.m */,
			);
			name = App;
			sourceTree = "<group>";
		};
		D5473C351C107B2C009E3013 /* Login */ = {
			isa = PBXGroup;
			children = (
				D5473C361C107B47009E3013 /* LoginVC.h */,
				D5473C371C107B47009E3013 /* LoginVC.m */,
			);
			name = Login;
			sourceTree = "<group>";
		};
		D5473C401C109C0D009E3013 /* Sign Up */ = {
			isa = PBXGroup;
			children = (
				D5473C411C109C42009E3013 /* SignUpVC.h */,
				D5473C421C109C42009E3013 /* SignUpVC.m */,
			);
			name = "Sign Up";
			sourceTree = "<group>";
		};
		D55ABC1C1C12D31200B2D366 /* Framework */ = {
			isa = PBXGroup;
			children = (
				D56A16611C13F6D20034E2DC /* QuartzCore.framework */,
				D55ABC1A1C12D24600B2D366 /* SystemConfiguration.framework */,
			);
			name = Framework;
			sourceTree = "<group>";
		};
		D55ABC1D1C12D4D100B2D366 /* Reachability */ = {
			isa = PBXGroup;
			children = (
				D55ABC171C12D11400B2D366 /* Reachability.h */,
				D55ABC181C12D11400B2D366 /* Reachability.m */,
			);
			name = Reachability;
			sourceTree = "<group>";
		};
		D5C641221C13E92E00CA79D5 /* Toast */ = {
			isa = PBXGroup;
			children = (
				D5C641231C13E92E00CA79D5 /* UIView+Toast.h */,
				D5C641241C13E92E00CA79D5 /* UIView+Toast.m */,
			);
			path = Toast;
			sourceTree = "<group>";
		};
		D5C91ECD1C1179A7006BD6F8 /* Add Article */ = {
			isa = PBXGroup;
			children = (
				D5E55E931C0D32370020A86A /* AddArticle.h */,
				D5E55E941C0D32370020A86A /* AddArticle.m */,
			);
			name = "Add Article";
			sourceTree = "<group>";
		};
		D5C91ECE1C1179B3006BD6F8 /* Detail Article */ = {
			isa = PBXGroup;
			children = (
				D5BD7D221C09F30F0049767D /* ArticleCell.h */,
				D5BD7D231C09F30F0049767D /* ArticleCell.m */,
				D5C53B531C0B3F58001C14BA /* DetailArticleVC.h */,
				D5C53B541C0B3F58001C14BA /* DetailArticleVC.m */,
			);
			name = "Detail Article";
			sourceTree = "<group>";
		};
		D5C91ECF1C1179C4006BD6F8 /* Home */ = {
			isa = PBXGroup;
			children = (
				D5BD7D1F1C09ED540049767D /* HomeVC.h */,
				D5BD7D201C09ED540049767D /* HomeVC.m */,
			);
			name = Home;
			sourceTree = "<group>";
		};
		D5C91ED01C1179CF006BD6F8 /* Search */ = {
			isa = PBXGroup;
			children = (
				D5D372D01C0ABA3600ECC5EE /* SearchArticleVC.h */,
				D5D372D11C0ABA3600ECC5EE /* SearchArticleVC.m */,
			);
			name = Search;
			sourceTree = "<group>";
		};
		D5CB7B951C088899009885DD = {
			isa = PBXGroup;
			children = (
				D55ABC1C1C12D31200B2D366 /* Framework */,
				D5CB7BA01C088899009885DD /* Article Management */,
				D5CB7BBA1C088899009885DD /* Article ManagementTests */,
				D5CB7BC51C088899009885DD /* Article ManagementUITests */,
				D5CB7B9F1C088899009885DD /* Products */,
			);
			sourceTree = "<group>";
		};
		D5CB7B9F1C088899009885DD /* Products */ = {
			isa = PBXGroup;
			children = (
				D5CB7B9E1C088899009885DD /* Article Management.app */,
				D5CB7BB71C088899009885DD /* Article ManagementTests.xctest */,
				D5CB7BC21C088899009885DD /* Article ManagementUITests.xctest */,
			);
			name = Products;
			sourceTree = "<group>";
		};
		D5CB7BA01C088899009885DD /* Article Management */ = {
			isa = PBXGroup;
			children = (
				D5E55E961C0D349B0020A86A /* Utils */,
				D5F277021C0BDF8400CCF417 /* Model */,
				D519F7A21C09B97800860DFC /* App */,
				D519F7A11C09B95700860DFC /* Default */,
				D519F7A01C09B94100860DFC /* Storyboard */,
				D519F78C1C09B45000860DFC /* Image */,
				D5CB7BA11C088899009885DD /* Supporting Files */,
			);
			path = "Article Management";
			sourceTree = "<group>";
		};
		D5CB7BA11C088899009885DD /* Supporting Files */ = {
			isa = PBXGroup;
			children = (
				D5CB7BA21C088899009885DD /* main.m */,
			);
			name = "Supporting Files";
			sourceTree = "<group>";
		};
		D5CB7BBA1C088899009885DD /* Article ManagementTests */ = {
			isa = PBXGroup;
			children = (
				D5CB7BBB1C088899009885DD /* Article_ManagementTests.m */,
				D5CB7BBD1C088899009885DD /* Info.plist */,
			);
			path = "Article ManagementTests";
			sourceTree = "<group>";
		};
		D5CB7BC51C088899009885DD /* Article ManagementUITests */ = {
			isa = PBXGroup;
			children = (
				D5CB7BC61C088899009885DD /* Article_ManagementUITests.m */,
				D5CB7BC81C088899009885DD /* Info.plist */,
			);
			path = "Article ManagementUITests";
			sourceTree = "<group>";
		};
		D5E55E961C0D349B0020A86A /* Utils */ = {
			isa = PBXGroup;
			children = (
				D5C641221C13E92E00CA79D5 /* Toast */,
				D55ABC1D1C12D4D100B2D366 /* Reachability */,
				D519F7A31C09C14B00860DFC /* ConnectionManager.h */,
				D519F7A41C09C14B00860DFC /* ConnectionManager.m */,
				D5E55E971C0D35650020A86A /* LSTString.h */,
				D5E55E981C0D35650020A86A /* LSTString.m */,
				D5A3C1161C0E8CC900E490D8 /* LSTToast.h */,
				D5A3C1171C0E8CC900E490D8 /* LSTToast.m */,
				D5473C321C10798F009E3013 /* iTextField.h */,
				D5473C331C10798F009E3013 /* iTextField.m */,
			);
			name = Utils;
			sourceTree = "<group>";
		};
		D5F277021C0BDF8400CCF417 /* Model */ = {
			isa = PBXGroup;
			children = (
				D5F277031C0BDFA200CCF417 /* Article.h */,
				D5F277041C0BDFA200CCF417 /* Article.m */,
				D5473C391C108793009E3013 /* User.h */,
				D5473C3A1C108793009E3013 /* User.m */,
			);
			name = Model;
			sourceTree = "<group>";
		};
/* End PBXGroup section */

/* Begin PBXNativeTarget section */
		D5CB7B9D1C088899009885DD /* Article Management */ = {
			isa = PBXNativeTarget;
			buildConfigurationList = D5CB7BCB1C088899009885DD /* Build configuration list for PBXNativeTarget "Article Management" */;
			buildPhases = (
				D5CB7B9A1C088899009885DD /* Sources */,
				D5CB7B9B1C088899009885DD /* Frameworks */,
				D5CB7B9C1C088899009885DD /* Resources */,
			);
			buildRules = (
			);
			dependencies = (
			);
			name = "Article Management";
			productName = "Article Management";
			productReference = D5CB7B9E1C088899009885DD /* Article Management.app */;
			productType = "com.apple.product-type.application";
		};
		D5CB7BB61C088899009885DD /* Article ManagementTests */ = {
			isa = PBXNativeTarget;
			buildConfigurationList = D5CB7BCE1C088899009885DD /* Build configuration list for PBXNativeTarget "Article ManagementTests" */;
			buildPhases = (
				D5CB7BB31C088899009885DD /* Sources */,
				D5CB7BB41C088899009885DD /* Frameworks */,
				D5CB7BB51C088899009885DD /* Resources */,
			);
			buildRules = (
			);
			dependencies = (
				D5CB7BB91C088899009885DD /* PBXTargetDependency */,
			);
			name = "Article ManagementTests";
			productName = "Article ManagementTests";
			productReference = D5CB7BB71C088899009885DD /* Article ManagementTests.xctest */;
			productType = "com.apple.product-type.bundle.unit-test";
		};
		D5CB7BC11C088899009885DD /* Article ManagementUITests */ = {
			isa = PBXNativeTarget;
			buildConfigurationList = D5CB7BD11C088899009885DD /* Build configuration list for PBXNativeTarget "Article ManagementUITests" */;
			buildPhases = (
				D5CB7BBE1C088899009885DD /* Sources */,
				D5CB7BBF1C088899009885DD /* Frameworks */,
				D5CB7BC01C088899009885DD /* Resources */,
			);
			buildRules = (
			);
			dependencies = (
				D5CB7BC41C088899009885DD /* PBXTargetDependency */,
			);
			name = "Article ManagementUITests";
			productName = "Article ManagementUITests";
			productReference = D5CB7BC21C088899009885DD /* Article ManagementUITests.xctest */;
			productType = "com.apple.product-type.bundle.ui-testing";
		};
/* End PBXNativeTarget section */

/* Begin PBXProject section */
		D5CB7B961C088899009885DD /* Project object */ = {
			isa = PBXProject;
			attributes = {
				LastUpgradeCheck = 0710;
				ORGANIZATIONNAME = "Lun Sovathana";
				TargetAttributes = {
					D5CB7B9D1C088899009885DD = {
						CreatedOnToolsVersion = 7.1;
						DevelopmentTeam = S3L3V3L25C;
					};
					D5CB7BB61C088899009885DD = {
						CreatedOnToolsVersion = 7.1;
						DevelopmentTeam = S3L3V3L25C;
						TestTargetID = D5CB7B9D1C088899009885DD;
					};
					D5CB7BC11C088899009885DD = {
						CreatedOnToolsVersion = 7.1;
						DevelopmentTeam = S3L3V3L25C;
						TestTargetID = D5CB7B9D1C088899009885DD;
					};
				};
			};
			buildConfigurationList = D5CB7B991C088899009885DD /* Build configuration list for PBXProject "Article Management" */;
			compatibilityVersion = "Xcode 3.2";
			developmentRegion = English;
			hasScannedForEncodings = 0;
			knownRegions = (
				en,
				Base,
			);
			mainGroup = D5CB7B951C088899009885DD;
			productRefGroup = D5CB7B9F1C088899009885DD /* Products */;
			projectDirPath = "";
			projectRoot = "";
			targets = (
				D5CB7B9D1C088899009885DD /* Article Management */,
				D5CB7BB61C088899009885DD /* Article ManagementTests */,
				D5CB7BC11C088899009885DD /* Article ManagementUITests */,
			);
		};
/* End PBXProject section */

/* Begin PBXResourcesBuildPhase section */
		D5CB7B9C1C088899009885DD /* Resources */ = {
			isa = PBXResourcesBuildPhase;
			buildActionMask = 2147483647;
			files = (
				D5473C3D1C109B20009E3013 /* add_user_64px.png in Resources */,
				D5CB7BB11C088899009885DD /* LaunchScreen.storyboard in Resources */,
				D519F7971C09B68500860DFC /* home.png in Resources */,
				D519F79F1C09B8F800860DFC /* more.png in Resources */,
				D519F7961C09B68500860DFC /* home_selected.png in Resources */,
				D519F79B1C09B72700860DFC /* search.png in Resources */,
				D5CB7BAE1C088899009885DD /* Assets.xcassets in Resources */,
				D519F79A1C09B72700860DFC /* search_selected.png in Resources */,
				D5D372C91C0AB7DB00ECC5EE /* back.png in Resources */,
				D5CB7BAC1C088899009885DD /* Main.storyboard in Resources */,
				D519F79E1C09B8F800860DFC /* more_selected.png in Resources */,
				D5473C311C1076ED009E3013 /* logo_64px.png in Resources */,
				D5473C3F1C109B93009E3013 /* add_user_128px.png in Resources */,
				D5BD7D261C09F5C60049767D /* default.jpg in Resources */,
			);
			runOnlyForDeploymentPostprocessing = 0;
		};
		D5CB7BB51C088899009885DD /* Resources */ = {
			isa = PBXResourcesBuildPhase;
			buildActionMask = 2147483647;
			files = (
			);
			runOnlyForDeploymentPostprocessing = 0;
		};
		D5CB7BC01C088899009885DD /* Resources */ = {
			isa = PBXResourcesBuildPhase;
			buildActionMask = 2147483647;
			files = (
			);
			runOnlyForDeploymentPostprocessing = 0;
		};
/* End PBXResourcesBuildPhase section */

/* Begin PBXSourcesBuildPhase section */
		D5CB7B9A1C088899009885DD /* Sources */ = {
			isa = PBXSourcesBuildPhase;
			buildActionMask = 2147483647;
			files = (
				D5C641251C13E92E00CA79D5 /* UIView+Toast.m in Sources */,
				D5E55E951C0D32370020A86A /* AddArticle.m in Sources */,
				D519F7A51C09C14B00860DFC /* ConnectionManager.m in Sources */,
				D5D372D21C0ABA3600ECC5EE /* SearchArticleVC.m in Sources */,
				D5F277051C0BDFA200CCF417 /* Article.m in Sources */,
				D5473C431C109C42009E3013 /* SignUpVC.m in Sources */,
				D5BD7D211C09ED540049767D /* HomeVC.m in Sources */,
				D5473C3B1C108793009E3013 /* User.m in Sources */,
				D5BD7D241C09F30F0049767D /* ArticleCell.m in Sources */,
				D5C53B551C0B3F58001C14BA /* DetailArticleVC.m in Sources */,
				D5E55E991C0D35650020A86A /* LSTString.m in Sources */,
				D5CB7BA61C088899009885DD /* AppDelegate.m in Sources */,
				D5473C341C10798F009E3013 /* iTextField.m in Sources */,
				D5CB7BA31C088899009885DD /* main.m in Sources */,
				D5C53B521C0B37BF001C14BA /* MoreVC.m in Sources */,
				D5473C381C107B47009E3013 /* LoginVC.m in Sources */,
				D5A3C1181C0E8CC900E490D8 /* LSTToast.m in Sources */,
				D55ABC191C12D11400B2D366 /* Reachability.m in Sources */,
			);
			runOnlyForDeploymentPostprocessing = 0;
		};
		D5CB7BB31C088899009885DD /* Sources */ = {
			isa = PBXSourcesBuildPhase;
			buildActionMask = 2147483647;
			files = (
				D5CB7BBC1C088899009885DD /* Article_ManagementTests.m in Sources */,
			);
			runOnlyForDeploymentPostprocessing = 0;
		};
		D5CB7BBE1C088899009885DD /* Sources */ = {
			isa = PBXSourcesBuildPhase;
			buildActionMask = 2147483647;
			files = (
				D5CB7BC71C088899009885DD /* Article_ManagementUITests.m in Sources */,
			);
			runOnlyForDeploymentPostprocessing = 0;
		};
/* End PBXSourcesBuildPhase section */

/* Begin PBXTargetDependency section */
		D5CB7BB91C088899009885DD /* PBXTargetDependency */ = {
			isa = PBXTargetDependency;
			target = D5CB7B9D1C088899009885DD /* Article Management */;
			targetProxy = D5CB7BB81C088899009885DD /* PBXContainerItemProxy */;
		};
		D5CB7BC41C088899009885DD /* PBXTargetDependency */ = {
			isa = PBXTargetDependency;
			target = D5CB7B9D1C088899009885DD /* Article Management */;
			targetProxy = D5CB7BC31C088899009885DD /* PBXContainerItemProxy */;
		};
/* End PBXTargetDependency section */

/* Begin PBXVariantGroup section */
		D5CB7BAA1C088899009885DD /* Main.storyboard */ = {
			isa = PBXVariantGroup;
			children = (
				D5CB7BAB1C088899009885DD /* Base */,
			);
			name = Main.storyboard;
			sourceTree = "<group>";
		};
		D5CB7BAF1C088899009885DD /* LaunchScreen.storyboard */ = {
			isa = PBXVariantGroup;
			children = (
				D5CB7BB01C088899009885DD /* Base */,
			);
			name = LaunchScreen.storyboard;
			sourceTree = "<group>";
		};
/* End PBXVariantGroup section */

/* Begin XCBuildConfiguration section */
		D5CB7BC91C088899009885DD /* Debug */ = {
			isa = XCBuildConfiguration;
			buildSettings = {
				ALWAYS_SEARCH_USER_PATHS = NO;
				CLANG_CXX_LANGUAGE_STANDARD = "gnu++0x";
				CLANG_CXX_LIBRARY = "libc++";
				CLANG_ENABLE_MODULES = YES;
				CLANG_ENABLE_OBJC_ARC = YES;
				CLANG_WARN_BOOL_CONVERSION = YES;
				CLANG_WARN_CONSTANT_CONVERSION = YES;
				CLANG_WARN_DIRECT_OBJC_ISA_USAGE = YES_ERROR;
				CLANG_WARN_EMPTY_BODY = YES;
				CLANG_WARN_ENUM_CONVERSION = YES;
				CLANG_WARN_INT_CONVERSION = YES;
				CLANG_WARN_OBJC_ROOT_CLASS = YES_ERROR;
				CLANG_WARN_UNREACHABLE_CODE = YES;
				CLANG_WARN__DUPLICATE_METHOD_MATCH = YES;
				"CODE_SIGN_IDENTITY[sdk=iphoneos*]" = "iPhone Developer";
				COPY_PHASE_STRIP = NO;
				DEBUG_INFORMATION_FORMAT = dwarf;
				ENABLE_STRICT_OBJC_MSGSEND = YES;
				ENABLE_TESTABILITY = YES;
				GCC_C_LANGUAGE_STANDARD = gnu99;
				GCC_DYNAMIC_NO_PIC = NO;
				GCC_NO_COMMON_BLOCKS = YES;
				GCC_OPTIMIZATION_LEVEL = 0;
				GCC_PREPROCESSOR_DEFINITIONS = (
					"DEBUG=1",
					"$(inherited)",
				);
				GCC_WARN_64_TO_32_BIT_CONVERSION = YES;
				GCC_WARN_ABOUT_RETURN_TYPE = YES_ERROR;
				GCC_WARN_UNDECLARED_SELECTOR = YES;
				GCC_WARN_UNINITIALIZED_AUTOS = YES_AGGRESSIVE;
				GCC_WARN_UNUSED_FUNCTION = YES;
				GCC_WARN_UNUSED_VARIABLE = YES;
				IPHONEOS_DEPLOYMENT_TARGET = 9.1;
				MTL_ENABLE_DEBUG_INFO = YES;
				ONLY_ACTIVE_ARCH = YES;
				SDKROOT = iphoneos;
				TARGETED_DEVICE_FAMILY = "1,2";
			};
			name = Debug;
		};
		D5CB7BCA1C088899009885DD /* Release */ = {
			isa = XCBuildConfiguration;
			buildSettings = {
				ALWAYS_SEARCH_USER_PATHS = NO;
				CLANG_CXX_LANGUAGE_STANDARD = "gnu++0x";
				CLANG_CXX_LIBRARY = "libc++";
				CLANG_ENABLE_MODULES = YES;
				CLANG_ENABLE_OBJC_ARC = YES;
				CLANG_WARN_BOOL_CONVERSION = YES;
				CLANG_WARN_CONSTANT_CONVERSION = YES;
				CLANG_WARN_DIRECT_OBJC_ISA_USAGE = YES_ERROR;
				CLANG_WARN_EMPTY_BODY = YES;
				CLANG_WARN_ENUM_CONVERSION = YES;
				CLANG_WARN_INT_CONVERSION = YES;
				CLANG_WARN_OBJC_ROOT_CLASS = YES_ERROR;
				CLANG_WARN_UNREACHABLE_CODE = YES;
				CLANG_WARN__DUPLICATE_METHOD_MATCH = YES;
				"CODE_SIGN_IDENTITY[sdk=iphoneos*]" = "iPhone Developer";
				COPY_PHASE_STRIP = NO;
				DEBUG_INFORMATION_FORMAT = "dwarf-with-dsym";
				ENABLE_NS_ASSERTIONS = NO;
				ENABLE_STRICT_OBJC_MSGSEND = YES;
				GCC_C_LANGUAGE_STANDARD = gnu99;
				GCC_NO_COMMON_BLOCKS = YES;
				GCC_WARN_64_TO_32_BIT_CONVERSION = YES;
				GCC_WARN_ABOUT_RETURN_TYPE = YES_ERROR;
				GCC_WARN_UNDECLARED_SELECTOR = YES;
				GCC_WARN_UNINITIALIZED_AUTOS = YES_AGGRESSIVE;
				GCC_WARN_UNUSED_FUNCTION = YES;
				GCC_WARN_UNUSED_VARIABLE = YES;
				IPHONEOS_DEPLOYMENT_TARGET = 9.1;
				MTL_ENABLE_DEBUG_INFO = NO;
				SDKROOT = iphoneos;
				TARGETED_DEVICE_FAMILY = "1,2";
				VALIDATE_PRODUCT = YES;
			};
			name = Release;
		};
		D5CB7BCC1C088899009885DD /* Debug */ = {
			isa = XCBuildConfiguration;
			buildSettings = {
				ASSETCATALOG_COMPILER_APPICON_NAME = AppIcon;
				INFOPLIST_FILE = "Article Management/Info.plist";
				IPHONEOS_DEPLOYMENT_TARGET = 9.0;
				LD_RUNPATH_SEARCH_PATHS = "$(inherited) @executable_path/Frameworks";
				PRODUCT_BUNDLE_IDENTIFIER = "com.KhmerDev.Article-Management";
				PRODUCT_NAME = "$(TARGET_NAME)";
			};
			name = Debug;
		};
		D5CB7BCD1C088899009885DD /* Release */ = {
			isa = XCBuildConfiguration;
			buildSettings = {
				ASSETCATALOG_COMPILER_APPICON_NAME = AppIcon;
				INFOPLIST_FILE = "Article Management/Info.plist";
				IPHONEOS_DEPLOYMENT_TARGET = 9.0;
				LD_RUNPATH_SEARCH_PATHS = "$(inherited) @executable_path/Frameworks";
				PRODUCT_BUNDLE_IDENTIFIER = "com.KhmerDev.Article-Management";
				PRODUCT_NAME = "$(TARGET_NAME)";
			};
			name = Release;
		};
		D5CB7BCF1C088899009885DD /* Debug */ = {
			isa = XCBuildConfiguration;
			buildSettings = {
				BUNDLE_LOADER = "$(TEST_HOST)";
				INFOPLIST_FILE = "Article ManagementTests/Info.plist";
				LD_RUNPATH_SEARCH_PATHS = "$(inherited) @executable_path/Frameworks @loader_path/Frameworks";
				PRODUCT_BUNDLE_IDENTIFIER = "com.KhmerDev.Article-ManagementTests";
				PRODUCT_NAME = "$(TARGET_NAME)";
				TEST_HOST = "$(BUILT_PRODUCTS_DIR)/Article Management.app/Article Management";
			};
			name = Debug;
		};
		D5CB7BD01C088899009885DD /* Release */ = {
			isa = XCBuildConfiguration;
			buildSettings = {
				BUNDLE_LOADER = "$(TEST_HOST)";
				INFOPLIST_FILE = "Article ManagementTests/Info.plist";
				LD_RUNPATH_SEARCH_PATHS = "$(inherited) @executable_path/Frameworks @loader_path/Frameworks";
				PRODUCT_BUNDLE_IDENTIFIER = "com.KhmerDev.Article-ManagementTests";
				PRODUCT_NAME = "$(TARGET_NAME)";
				TEST_HOST = "$(BUILT_PRODUCTS_DIR)/Article Management.app/Article Management";
			};
			name = Release;
		};
		D5CB7BD21C088899009885DD /* Debug */ = {
			isa = XCBuildConfiguration;
			buildSettings = {
				INFOPLIST_FILE = "Article ManagementUITests/Info.plist";
				LD_RUNPATH_SEARCH_PATHS = "$(inherited) @executable_path/Frameworks @loader_path/Frameworks";
				PRODUCT_BUNDLE_IDENTIFIER = "com.KhmerDev.Article-ManagementUITests";
				PRODUCT_NAME = "$(TARGET_NAME)";
				TEST_TARGET_NAME = "Article Management";
				USES_XCTRUNNER = YES;
			};
			name = Debug;
		};
		D5CB7BD31C088899009885DD /* Release */ = {
			isa = XCBuildConfiguration;
			buildSettings = {
				INFOPLIST_FILE = "Article ManagementUITests/Info.plist";
				LD_RUNPATH_SEARCH_PATHS = "$(inherited) @executable_path/Frameworks @loader_path/Frameworks";
				PRODUCT_BUNDLE_IDENTIFIER = "com.KhmerDev.Article-ManagementUITests";
				PRODUCT_NAME = "$(TARGET_NAME)";
				TEST_TARGET_NAME = "Article Management";
				USES_XCTRUNNER = YES;
			};
			name = Release;
		};
/* End XCBuildConfiguration section */

/* Begin XCConfigurationList section */
		D5CB7B991C088899009885DD /* Build configuration list for PBXProject "Article Management" */ = {
			isa = XCConfigurationList;
			buildConfigurations = (
				D5CB7BC91C088899009885DD /* Debug */,
				D5CB7BCA1C088899009885DD /* Release */,
			);
			defaultConfigurationIsVisible = 0;
			defaultConfigurationName = Release;
		};
		D5CB7BCB1C088899009885DD /* Build configuration list for PBXNativeTarget "Article Management" */ = {
			isa = XCConfigurationList;
			buildConfigurations = (
				D5CB7BCC1C088899009885DD /* Debug */,
				D5CB7BCD1C088899009885DD /* Release */,
			);
			defaultConfigurationIsVisible = 0;
			defaultConfigurationName = Release;
		};
		D5CB7BCE1C088899009885DD /* Build configuration list for PBXNativeTarget "Article ManagementTests" */ = {
			isa = XCConfigurationList;
			buildConfigurations = (
				D5CB7BCF1C088899009885DD /* Debug */,
				D5CB7BD01C088899009885DD /* Release */,
			);
			defaultConfigurationIsVisible = 0;
			defaultConfigurationName = Release;
		};
		D5CB7BD11C088899009885DD /* Build configuration list for PBXNativeTarget "Article ManagementUITests" */ = {
			isa = XCConfigurationList;
			buildConfigurations = (
				D5CB7BD21C088899009885DD /* Debug */,
				D5CB7BD31C088899009885DD /* Release */,
			);
			defaultConfigurationIsVisible = 0;
			defaultConfigurationName = Release;
		};
/* End XCConfigurationList section */
	};
	rootObject = D5CB7B961C088899009885DD /* Project object */;
}
